
Microsoft Visual Studio Solution File, Format Version 12.00
# Visual Studio Version 17
VisualStudioVersion = 17.9.34511.98
MinimumVisualStudioVersion = 10.0.40219.1
Project("{8BC9CEB8-8B4A-11D0-8D11-00A0C91BC942}") = "CommCore", "CommCore\CommCore.vcxproj", "{837A4B70-016D-4063-B36A-D446D74EF03C}"
EndProject
Project("{8BC9CEB8-8B4A-11D0-8D11-00A0C91BC942}") = "DipServer", "DipServer\DipServer.vcxproj", "{893542BF-A02B-473B-99D4-ED15E65E9D2B}"
EndProject
Project("{8BC9CEB8-8B4A-11D0-8D11-00A0C91BC942}") = "IChat", "IChat\IChat.vcxproj", "{118A079B-C76B-4A07-9511-AD764C335279}"
EndProject
Project("{8BC9CEB8-8B4A-11D0-8D11-00A0C91BC942}") = "IntExplorer", "IntExplorer\IntExplorer.vcxproj", "{B995F4A1-28E9-42E4-99B9-D4F3FB737BAC}"
EndProject
Project("{8BC9CEB8-8B4A-11D0-8D11-00A0C91BC942}") = "LF_Server", "LF_Server\LF_Server.vcxproj", "{57D8163B-7DCF-469E-A17D-F1F78695CD80}"
EndProject
Project("{8BC9CEB8-8B4A-11D0-8D11-00A0C91BC942}") = "MaxExport", "MaxExport\MaxExport.vcxproj", "{C7097266-6192-4B04-9D0F-A679C1E9D49D}"
EndProject
Project("{059D6162-CD51-11D0-AE1F-00A0C90FFFC3}") = "ModelMgr", "ModelMgr\ModelMgr.dsp", "{24618905-B8EF-4E4C-9A9B-E1C5289F095D}"
	ProjectSection(ProjectDependencies) = postProject
		{0B70C49E-FCC6-47F0-BDA5-FC889B280EB4} = {0B70C49E-FCC6-47F0-BDA5-FC889B280EB4}
	EndProjectSection
EndProject
Project("{8BC9CEB8-8B4A-11D0-8D11-00A0C91BC942}") = "cossacks2", "Cossacks2_Project\cossacks2.vcxproj", "{D8A098CA-AEE8-4C76-B447-D44F1F7A2FA4}"
EndProject
Project("{8BC9CEB8-8B4A-11D0-8D11-00A0C91BC942}") = "gMotor", "3DLIB\gMotor\gMotor.vcxproj", "{0B70C49E-FCC6-47F0-BDA5-FC889B280EB4}"
EndProject
Project("{059D6162-CD51-11D0-AE1F-00A0C90FFFC3}") = "shaders", "..\..\C2forGEC\Shaders\shaders.dsp", "{EADDAC4B-38EE-41C6-BD5E-EE456A6D37DC}"
EndProject
Global
	GlobalSection(SolutionConfigurationPlatforms) = preSolution
		Debug_CII|Win32 = Debug_CII|Win32
		Debug_CII|x64 = Debug_CII|x64
		Debug|Win32 = Debug|Win32
		Debug|x64 = Debug|x64
		Debug9|Win32 = Debug9|Win32
		Debug9|x64 = Debug9|x64
		Hybrid|Win32 = Hybrid|Win32
		Hybrid|x64 = Hybrid|x64
		Library|Win32 = Library|Win32
		Library|x64 = Library|x64
		Mtd|Win32 = Mtd|Win32
		Mtd|x64 = Mtd|x64
		Mtd9|Win32 = Mtd9|Win32
		Mtd9|x64 = Mtd9|x64
		pre_release|Win32 = pre_release|Win32
		pre_release|x64 = pre_release|x64
		Release European Warfare No Speedfix|Win32 = Release European Warfare No Speedfix|Win32
		Release European Warfare No Speedfix|x64 = Release European Warfare No Speedfix|x64
		Release European Warfare|Win32 = Release European Warfare|Win32
		Release European Warfare|x64 = Release European Warfare|x64
		Release No Speedfix|Win32 = Release No Speedfix|Win32
		Release No Speedfix|x64 = Release No Speedfix|x64
		Release_CII_test|Win32 = Release_CII_test|Win32
		Release_CII_test|x64 = Release_CII_test|x64
		Release|Win32 = Release|Win32
		Release|x64 = Release|x64
		Release3d_inl|Win32 = Release3d_inl|Win32
		Release3d_inl|x64 = Release3d_inl|x64
		Release3d|Win32 = Release3d|Win32
		Release3d|x64 = Release3d|x64
		Release9|Win32 = Release9|Win32
		Release9|x64 = Release9|x64
	EndGlobalSection
	GlobalSection(ProjectConfigurationPlatforms) = postSolution
		{837A4B70-016D-4063-B36A-D446D74EF03C}.Debug_CII|Win32.ActiveCfg = Debug|Win32
		{837A4B70-016D-4063-B36A-D446D74EF03C}.Debug_CII|Win32.Build.0 = Debug|Win32
		{837A4B70-016D-4063-B36A-D446D74EF03C}.Debug_CII|x64.ActiveCfg = Debug|Win32
		{837A4B70-016D-4063-B36A-D446D74EF03C}.Debug_CII|x64.Build.0 = Debug|Win32
		{837A4B70-016D-4063-B36A-D446D74EF03C}.Debug|Win32.ActiveCfg = Debug|Win32
		{837A4B70-016D-4063-B36A-D446D74EF03C}.Debug|Win32.Build.0 = Debug|Win32
		{837A4B70-016D-4063-B36A-D446D74EF03C}.Debug|x64.ActiveCfg = Debug|Win32
		{837A4B70-016D-4063-B36A-D446D74EF03C}.Debug|x64.Build.0 = Debug|Win32
		{837A4B70-016D-4063-B36A-D446D74EF03C}.Debug9|Win32.ActiveCfg = Debug|Win32
		{837A4B70-016D-4063-B36A-D446D74EF03C}.Debug9|Win32.Build.0 = Debug|Win32
		{837A4B70-016D-4063-B36A-D446D74EF03C}.Debug9|x64.ActiveCfg = Debug|Win32
		{837A4B70-016D-4063-B36A-D446D74EF03C}.Debug9|x64.Build.0 = Debug|Win32
		{837A4B70-016D-4063-B36A-D446D74EF03C}.Hybrid|Win32.ActiveCfg = Release|Win32
		{837A4B70-016D-4063-B36A-D446D74EF03C}.Hybrid|Win32.Build.0 = Release|Win32
		{837A4B70-016D-4063-B36A-D446D74EF03C}.Hybrid|x64.ActiveCfg = Release|Win32
		{837A4B70-016D-4063-B36A-D446D74EF03C}.Hybrid|x64.Build.0 = Release|Win32
		{837A4B70-016D-4063-B36A-D446D74EF03C}.Library|Win32.ActiveCfg = Library|Win32
		{837A4B70-016D-4063-B36A-D446D74EF03C}.Library|Win32.Build.0 = Library|Win32
		{837A4B70-016D-4063-B36A-D446D74EF03C}.Library|x64.ActiveCfg = Library|Win32
		{837A4B70-016D-4063-B36A-D446D74EF03C}.Library|x64.Build.0 = Library|Win32
		{837A4B70-016D-4063-B36A-D446D74EF03C}.Mtd|Win32.ActiveCfg = Release|Win32
		{837A4B70-016D-4063-B36A-D446D74EF03C}.Mtd|Win32.Build.0 = Release|Win32
		{837A4B70-016D-4063-B36A-D446D74EF03C}.Mtd|x64.ActiveCfg = Release|Win32
		{837A4B70-016D-4063-B36A-D446D74EF03C}.Mtd|x64.Build.0 = Release|Win32
		{837A4B70-016D-4063-B36A-D446D74EF03C}.Mtd9|Win32.ActiveCfg = Release|Win32
		{837A4B70-016D-4063-B36A-D446D74EF03C}.Mtd9|Win32.Build.0 = Release|Win32
		{837A4B70-016D-4063-B36A-D446D74EF03C}.Mtd9|x64.ActiveCfg = Release|Win32
		{837A4B70-016D-4063-B36A-D446D74EF03C}.Mtd9|x64.Build.0 = Release|Win32
		{837A4B70-016D-4063-B36A-D446D74EF03C}.pre_release|Win32.ActiveCfg = pre_release|Win32
		{837A4B70-016D-4063-B36A-D446D74EF03C}.pre_release|Win32.Build.0 = pre_release|Win32
		{837A4B70-016D-4063-B36A-D446D74EF03C}.pre_release|x64.ActiveCfg = pre_release|Win32
		{837A4B70-016D-4063-B36A-D446D74EF03C}.pre_release|x64.Build.0 = pre_release|Win32
		{837A4B70-016D-4063-B36A-D446D74EF03C}.Release European Warfare No Speedfix|Win32.ActiveCfg = Release|Win32
		{837A4B70-016D-4063-B36A-D446D74EF03C}.Release European Warfare No Speedfix|Win32.Build.0 = Release|Win32
		{837A4B70-016D-4063-B36A-D446D74EF03C}.Release European Warfare No Speedfix|x64.ActiveCfg = Release|Win32
		{837A4B70-016D-4063-B36A-D446D74EF03C}.Release European Warfare No Speedfix|x64.Build.0 = Release|Win32
		{837A4B70-016D-4063-B36A-D446D74EF03C}.Release European Warfare|Win32.ActiveCfg = Release|Win32
		{837A4B70-016D-4063-B36A-D446D74EF03C}.Release European Warfare|Win32.Build.0 = Release|Win32
		{837A4B70-016D-4063-B36A-D446D74EF03C}.Release European Warfare|x64.ActiveCfg = Release|Win32
		{837A4B70-016D-4063-B36A-D446D74EF03C}.Release European Warfare|x64.Build.0 = Release|Win32
		{837A4B70-016D-4063-B36A-D446D74EF03C}.Release No Speedfix|Win32.ActiveCfg = Release|Win32
		{837A4B70-016D-4063-B36A-D446D74EF03C}.Release No Speedfix|Win32.Build.0 = Release|Win32
		{837A4B70-016D-4063-B36A-D446D74EF03C}.Release No Speedfix|x64.ActiveCfg = Release|Win32
		{837A4B70-016D-4063-B36A-D446D74EF03C}.Release No Speedfix|x64.Build.0 = Release|Win32
		{837A4B70-016D-4063-B36A-D446D74EF03C}.Release_CII_test|Win32.ActiveCfg = Release|Win32
		{837A4B70-016D-4063-B36A-D446D74EF03C}.Release_CII_test|Win32.Build.0 = Release|Win32
		{837A4B70-016D-4063-B36A-D446D74EF03C}.Release_CII_test|x64.ActiveCfg = Release|Win32
		{837A4B70-016D-4063-B36A-D446D74EF03C}.Release_CII_test|x64.Build.0 = Release|Win32
		{837A4B70-016D-4063-B36A-D446D74EF03C}.Release|Win32.ActiveCfg = Release|Win32
		{837A4B70-016D-4063-B36A-D446D74EF03C}.Release|Win32.Build.0 = Release|Win32
		{837A4B70-016D-4063-B36A-D446D74EF03C}.Release|x64.ActiveCfg = Release|Win32
		{837A4B70-016D-4063-B36A-D446D74EF03C}.Release|x64.Build.0 = Release|Win32
		{837A4B70-016D-4063-B36A-D446D74EF03C}.Release3d_inl|Win32.ActiveCfg = Release|Win32
		{837A4B70-016D-4063-B36A-D446D74EF03C}.Release3d_inl|Win32.Build.0 = Release|Win32
		{837A4B70-016D-4063-B36A-D446D74EF03C}.Release3d_inl|x64.ActiveCfg = Release|Win32
		{837A4B70-016D-4063-B36A-D446D74EF03C}.Release3d_inl|x64.Build.0 = Release|Win32
		{837A4B70-016D-4063-B36A-D446D74EF03C}.Release3d|Win32.ActiveCfg = Release|Win32
		{837A4B70-016D-4063-B36A-D446D74EF03C}.Release3d|Win32.Build.0 = Release|Win32
		{837A4B70-016D-4063-B36A-D446D74EF03C}.Release3d|x64.ActiveCfg = Release|Win32
		{837A4B70-016D-4063-B36A-D446D74EF03C}.Release3d|x64.Build.0 = Release|Win32
		{837A4B70-016D-4063-B36A-D446D74EF03C}.Release9|Win32.ActiveCfg = Release|Win32
		{837A4B70-016D-4063-B36A-D446D74EF03C}.Release9|Win32.Build.0 = Release|Win32
		{837A4B70-016D-4063-B36A-D446D74EF03C}.Release9|x64.ActiveCfg = Release|Win32
		{837A4B70-016D-4063-B36A-D446D74EF03C}.Release9|x64.Build.0 = Release|Win32
		{893542BF-A02B-473B-99D4-ED15E65E9D2B}.Debug_CII|Win32.ActiveCfg = Debug_CII|Win32
		{893542BF-A02B-473B-99D4-ED15E65E9D2B}.Debug_CII|Win32.Build.0 = Debug_CII|Win32
		{893542BF-A02B-473B-99D4-ED15E65E9D2B}.Debug_CII|x64.ActiveCfg = Debug_CII|Win32
		{893542BF-A02B-473B-99D4-ED15E65E9D2B}.Debug_CII|x64.Build.0 = Debug_CII|Win32
		{893542BF-A02B-473B-99D4-ED15E65E9D2B}.Debug|Win32.ActiveCfg = Debug|Win32
		{893542BF-A02B-473B-99D4-ED15E65E9D2B}.Debug|Win32.Build.0 = Debug|Win32
		{893542BF-A02B-473B-99D4-ED15E65E9D2B}.Debug|x64.ActiveCfg = Debug|Win32
		{893542BF-A02B-473B-99D4-ED15E65E9D2B}.Debug|x64.Build.0 = Debug|Win32
		{893542BF-A02B-473B-99D4-ED15E65E9D2B}.Debug9|Win32.ActiveCfg = Debug|Win32
		{893542BF-A02B-473B-99D4-ED15E65E9D2B}.Debug9|Win32.Build.0 = Debug|Win32
		{893542BF-A02B-473B-99D4-ED15E65E9D2B}.Debug9|x64.ActiveCfg = Debug_CII|Win32
		{893542BF-A02B-473B-99D4-ED15E65E9D2B}.Debug9|x64.Build.0 = Debug_CII|Win32
		{893542BF-A02B-473B-99D4-ED15E65E9D2B}.Hybrid|Win32.ActiveCfg = Debug|Win32
		{893542BF-A02B-473B-99D4-ED15E65E9D2B}.Hybrid|Win32.Build.0 = Debug|Win32
		{893542BF-A02B-473B-99D4-ED15E65E9D2B}.Hybrid|x64.ActiveCfg = Release|Win32
		{893542BF-A02B-473B-99D4-ED15E65E9D2B}.Hybrid|x64.Build.0 = Release|Win32
		{893542BF-A02B-473B-99D4-ED15E65E9D2B}.Library|Win32.ActiveCfg = Library|Win32
		{893542BF-A02B-473B-99D4-ED15E65E9D2B}.Library|Win32.Build.0 = Library|Win32
		{893542BF-A02B-473B-99D4-ED15E65E9D2B}.Library|x64.ActiveCfg = Library|Win32
		{893542BF-A02B-473B-99D4-ED15E65E9D2B}.Library|x64.Build.0 = Library|Win32
		{893542BF-A02B-473B-99D4-ED15E65E9D2B}.Mtd|Win32.ActiveCfg = Debug|Win32
		{893542BF-A02B-473B-99D4-ED15E65E9D2B}.Mtd|Win32.Build.0 = Debug|Win32
		{893542BF-A02B-473B-99D4-ED15E65E9D2B}.Mtd|x64.ActiveCfg = Release|Win32
		{893542BF-A02B-473B-99D4-ED15E65E9D2B}.Mtd|x64.Build.0 = Release|Win32
		{893542BF-A02B-473B-99D4-ED15E65E9D2B}.Mtd9|Win32.ActiveCfg = Debug|Win32
		{893542BF-A02B-473B-99D4-ED15E65E9D2B}.Mtd9|Win32.Build.0 = Debug|Win32
		{893542BF-A02B-473B-99D4-ED15E65E9D2B}.Mtd9|x64.ActiveCfg = Release|Win32
		{893542BF-A02B-473B-99D4-ED15E65E9D2B}.Mtd9|x64.Build.0 = Release|Win32
		{893542BF-A02B-473B-99D4-ED15E65E9D2B}.pre_release|Win32.ActiveCfg = pre_release|Win32
		{893542BF-A02B-473B-99D4-ED15E65E9D2B}.pre_release|Win32.Build.0 = pre_release|Win32
		{893542BF-A02B-473B-99D4-ED15E65E9D2B}.pre_release|x64.ActiveCfg = pre_release|Win32
		{893542BF-A02B-473B-99D4-ED15E65E9D2B}.pre_release|x64.Build.0 = pre_release|Win32
		{893542BF-A02B-473B-99D4-ED15E65E9D2B}.Release European Warfare No Speedfix|Win32.ActiveCfg = Release|Win32
		{893542BF-A02B-473B-99D4-ED15E65E9D2B}.Release European Warfare No Speedfix|Win32.Build.0 = Release|Win32
		{893542BF-A02B-473B-99D4-ED15E65E9D2B}.Release European Warfare No Speedfix|x64.ActiveCfg = Release|Win32
		{893542BF-A02B-473B-99D4-ED15E65E9D2B}.Release European Warfare No Speedfix|x64.Build.0 = Release|Win32
		{893542BF-A02B-473B-99D4-ED15E65E9D2B}.Release European Warfare|Win32.ActiveCfg = Release|Win32
		{893542BF-A02B-473B-99D4-ED15E65E9D2B}.Release European Warfare|Win32.Build.0 = Release|Win32
		{893542BF-A02B-473B-99D4-ED15E65E9D2B}.Release European Warfare|x64.ActiveCfg = Release|Win32
		{893542BF-A02B-473B-99D4-ED15E65E9D2B}.Release European Warfare|x64.Build.0 = Release|Win32
		{893542BF-A02B-473B-99D4-ED15E65E9D2B}.Release No Speedfix|Win32.ActiveCfg = Release|Win32
		{893542BF-A02B-473B-99D4-ED15E65E9D2B}.Release No Speedfix|Win32.Build.0 = Release|Win32
		{893542BF-A02B-473B-99D4-ED15E65E9D2B}.Release No Speedfix|x64.ActiveCfg = Release|Win32
		{893542BF-A02B-473B-99D4-ED15E65E9D2B}.Release No Speedfix|x64.Build.0 = Release|Win32
		{893542BF-A02B-473B-99D4-ED15E65E9D2B}.Release_CII_test|Win32.ActiveCfg = Release|Win32
		{893542BF-A02B-473B-99D4-ED15E65E9D2B}.Release_CII_test|Win32.Build.0 = Release|Win32
		{893542BF-A02B-473B-99D4-ED15E65E9D2B}.Release_CII_test|x64.ActiveCfg = Release|Win32
		{893542BF-A02B-473B-99D4-ED15E65E9D2B}.Release_CII_test|x64.Build.0 = Release|Win32
		{893542BF-A02B-473B-99D4-ED15E65E9D2B}.Release|Win32.ActiveCfg = Release|Win32
		{893542BF-A02B-473B-99D4-ED15E65E9D2B}.Release|Win32.Build.0 = Release|Win32
		{893542BF-A02B-473B-99D4-ED15E65E9D2B}.Release|x64.ActiveCfg = Release|Win32
		{893542BF-A02B-473B-99D4-ED15E65E9D2B}.Release|x64.Build.0 = Release|Win32
		{893542BF-A02B-473B-99D4-ED15E65E9D2B}.Release3d_inl|Win32.ActiveCfg = Release|Win32
		{893542BF-A02B-473B-99D4-ED15E65E9D2B}.Release3d_inl|Win32.Build.0 = Release|Win32
		{893542BF-A02B-473B-99D4-ED15E65E9D2B}.Release3d_inl|x64.ActiveCfg = Release|Win32
		{893542BF-A02B-473B-99D4-ED15E65E9D2B}.Release3d_inl|x64.Build.0 = Release|Win32
		{893542BF-A02B-473B-99D4-ED15E65E9D2B}.Release3d|Win32.ActiveCfg = Release|Win32
		{893542BF-A02B-473B-99D4-ED15E65E9D2B}.Release3d|Win32.Build.0 = Release|Win32
		{893542BF-A02B-473B-99D4-ED15E65E9D2B}.Release3d|x64.ActiveCfg = Release|Win32
		{893542BF-A02B-473B-99D4-ED15E65E9D2B}.Release3d|x64.Build.0 = Release|Win32
		{893542BF-A02B-473B-99D4-ED15E65E9D2B}.Release9|Win32.ActiveCfg = Release|Win32
		{893542BF-A02B-473B-99D4-ED15E65E9D2B}.Release9|Win32.Build.0 = Release|Win32
		{893542BF-A02B-473B-99D4-ED15E65E9D2B}.Release9|x64.ActiveCfg = Release|Win32
		{893542BF-A02B-473B-99D4-ED15E65E9D2B}.Release9|x64.Build.0 = Release|Win32
		{118A079B-C76B-4A07-9511-AD764C335279}.Debug_CII|Win32.ActiveCfg = Debug_CII|Win32
		{118A079B-C76B-4A07-9511-AD764C335279}.Debug_CII|Win32.Build.0 = Debug_CII|Win32
		{118A079B-C76B-4A07-9511-AD764C335279}.Debug_CII|x64.ActiveCfg = Debug_CII|Win32
		{118A079B-C76B-4A07-9511-AD764C335279}.Debug_CII|x64.Build.0 = Debug_CII|Win32
		{118A079B-C76B-4A07-9511-AD764C335279}.Debug|Win32.ActiveCfg = Debug|Win32
		{118A079B-C76B-4A07-9511-AD764C335279}.Debug|Win32.Build.0 = Debug|Win32
		{118A079B-C76B-4A07-9511-AD764C335279}.Debug|x64.ActiveCfg = Release|Win32
		{118A079B-C76B-4A07-9511-AD764C335279}.Debug|x64.Build.0 = Release|Win32
		{118A079B-C76B-4A07-9511-AD764C335279}.Debug9|Win32.ActiveCfg = Debug|Win32
		{118A079B-C76B-4A07-9511-AD764C335279}.Debug9|Win32.Build.0 = Debug|Win32
		{118A079B-C76B-4A07-9511-AD764C335279}.Debug9|x64.ActiveCfg = Debug_CII|Win32
		{118A079B-C76B-4A07-9511-AD764C335279}.Debug9|x64.Build.0 = Debug_CII|Win32
		{118A079B-C76B-4A07-9511-AD764C335279}.Hybrid|Win32.ActiveCfg = Release|Win32
		{118A079B-C76B-4A07-9511-AD764C335279}.Hybrid|Win32.Build.0 = Release|Win32
		{118A079B-C76B-4A07-9511-AD764C335279}.Hybrid|x64.ActiveCfg = Release|Win32
		{118A079B-C76B-4A07-9511-AD764C335279}.Hybrid|x64.Build.0 = Release|Win32
		{118A079B-C76B-4A07-9511-AD764C335279}.Library|Win32.ActiveCfg = Library|Win32
		{118A079B-C76B-4A07-9511-AD764C335279}.Library|Win32.Build.0 = Library|Win32
		{118A079B-C76B-4A07-9511-AD764C335279}.Library|x64.ActiveCfg = Library|Win32
		{118A079B-C76B-4A07-9511-AD764C335279}.Library|x64.Build.0 = Library|Win32
		{118A079B-C76B-4A07-9511-AD764C335279}.Mtd|Win32.ActiveCfg = Release|Win32
		{118A079B-C76B-4A07-9511-AD764C335279}.Mtd|Win32.Build.0 = Release|Win32
		{118A079B-C76B-4A07-9511-AD764C335279}.Mtd|x64.ActiveCfg = Release|Win32
		{118A079B-C76B-4A07-9511-AD764C335279}.Mtd|x64.Build.0 = Release|Win32
		{118A079B-C76B-4A07-9511-AD764C335279}.Mtd9|Win32.ActiveCfg = Release|Win32
		{118A079B-C76B-4A07-9511-AD764C335279}.Mtd9|Win32.Build.0 = Release|Win32
		{118A079B-C76B-4A07-9511-AD764C335279}.Mtd9|x64.ActiveCfg = Release|Win32
		{118A079B-C76B-4A07-9511-AD764C335279}.Mtd9|x64.Build.0 = Release|Win32
		{118A079B-C76B-4A07-9511-AD764C335279}.pre_release|Win32.ActiveCfg = pre_release|Win32
		{118A079B-C76B-4A07-9511-AD764C335279}.pre_release|Win32.Build.0 = pre_release|Win32
		{118A079B-C76B-4A07-9511-AD764C335279}.pre_release|x64.ActiveCfg = pre_release|Win32
		{118A079B-C76B-4A07-9511-AD764C335279}.pre_release|x64.Build.0 = pre_release|Win32
		{118A079B-C76B-4A07-9511-AD764C335279}.Release European Warfare No Speedfix|Win32.ActiveCfg = Release|Win32
		{118A079B-C76B-4A07-9511-AD764C335279}.Release European Warfare No Speedfix|Win32.Build.0 = Release|Win32
		{118A079B-C76B-4A07-9511-AD764C335279}.Release European Warfare No Speedfix|x64.ActiveCfg = Release|Win32
		{118A079B-C76B-4A07-9511-AD764C335279}.Release European Warfare No Speedfix|x64.Build.0 = Release|Win32
		{118A079B-C76B-4A07-9511-AD764C335279}.Release European Warfare|Win32.ActiveCfg = Release|Win32
		{118A079B-C76B-4A07-9511-AD764C335279}.Release European Warfare|Win32.Build.0 = Release|Win32
		{118A079B-C76B-4A07-9511-AD764C335279}.Release European Warfare|x64.ActiveCfg = Release|Win32
		{118A079B-C76B-4A07-9511-AD764C335279}.Release European Warfare|x64.Build.0 = Release|Win32
		{118A079B-C76B-4A07-9511-AD764C335279}.Release No Speedfix|Win32.ActiveCfg = Release|Win32
		{118A079B-C76B-4A07-9511-AD764C335279}.Release No Speedfix|Win32.Build.0 = Release|Win32
		{118A079B-C76B-4A07-9511-AD764C335279}.Release No Speedfix|x64.ActiveCfg = Release|Win32
		{118A079B-C76B-4A07-9511-AD764C335279}.Release No Speedfix|x64.Build.0 = Release|Win32
		{118A079B-C76B-4A07-9511-AD764C335279}.Release_CII_test|Win32.ActiveCfg = Release|Win32
		{118A079B-C76B-4A07-9511-AD764C335279}.Release_CII_test|Win32.Build.0 = Release|Win32
		{118A079B-C76B-4A07-9511-AD764C335279}.Release_CII_test|x64.ActiveCfg = Release|Win32
		{118A079B-C76B-4A07-9511-AD764C335279}.Release_CII_test|x64.Build.0 = Release|Win32
		{118A079B-C76B-4A07-9511-AD764C335279}.Release|Win32.ActiveCfg = Release|Win32
		{118A079B-C76B-4A07-9511-AD764C335279}.Release|Win32.Build.0 = Release|Win32
		{118A079B-C76B-4A07-9511-AD764C335279}.Release|x64.ActiveCfg = Release|Win32
		{118A079B-C76B-4A07-9511-AD764C335279}.Release|x64.Build.0 = Release|Win32
		{118A079B-C76B-4A07-9511-AD764C335279}.Release3d_inl|Win32.ActiveCfg = Release|Win32
		{118A079B-C76B-4A07-9511-AD764C335279}.Release3d_inl|Win32.Build.0 = Release|Win32
		{118A079B-C76B-4A07-9511-AD764C335279}.Release3d_inl|x64.ActiveCfg = Release|Win32
		{118A079B-C76B-4A07-9511-AD764C335279}.Release3d_inl|x64.Build.0 = Release|Win32
		{118A079B-C76B-4A07-9511-AD764C335279}.Release3d|Win32.ActiveCfg = Release|Win32
		{118A079B-C76B-4A07-9511-AD764C335279}.Release3d|Win32.Build.0 = Release|Win32
		{118A079B-C76B-4A07-9511-AD764C335279}.Release3d|x64.ActiveCfg = Release|Win32
		{118A079B-C76B-4A07-9511-AD764C335279}.Release3d|x64.Build.0 = Release|Win32
		{118A079B-C76B-4A07-9511-AD764C335279}.Release9|Win32.ActiveCfg = Release|Win32
		{118A079B-C76B-4A07-9511-AD764C335279}.Release9|Win32.Build.0 = Release|Win32
		{118A079B-C76B-4A07-9511-AD764C335279}.Release9|x64.ActiveCfg = Release|Win32
		{118A079B-C76B-4A07-9511-AD764C335279}.Release9|x64.Build.0 = Release|Win32
		{B995F4A1-28E9-42E4-99B9-D4F3FB737BAC}.Debug_CII|Win32.ActiveCfg = Debug_CII|Win32
		{B995F4A1-28E9-42E4-99B9-D4F3FB737BAC}.Debug_CII|Win32.Build.0 = Debug_CII|Win32
		{B995F4A1-28E9-42E4-99B9-D4F3FB737BAC}.Debug_CII|x64.ActiveCfg = Debug_CII|Win32
		{B995F4A1-28E9-42E4-99B9-D4F3FB737BAC}.Debug_CII|x64.Build.0 = Debug_CII|Win32
		{B995F4A1-28E9-42E4-99B9-D4F3FB737BAC}.Debug|Win32.ActiveCfg = Debug|Win32
		{B995F4A1-28E9-42E4-99B9-D4F3FB737BAC}.Debug|Win32.Build.0 = Debug|Win32
		{B995F4A1-28E9-42E4-99B9-D4F3FB737BAC}.Debug|x64.ActiveCfg = Debug|Win32
		{B995F4A1-28E9-42E4-99B9-D4F3FB737BAC}.Debug|x64.Build.0 = Debug|Win32
		{B995F4A1-28E9-42E4-99B9-D4F3FB737BAC}.Debug9|Win32.ActiveCfg = Debug_CII|Win32
		{B995F4A1-28E9-42E4-99B9-D4F3FB737BAC}.Debug9|Win32.Build.0 = Debug_CII|Win32
		{B995F4A1-28E9-42E4-99B9-D4F3FB737BAC}.Debug9|x64.ActiveCfg = Debug_CII|Win32
		{B995F4A1-28E9-42E4-99B9-D4F3FB737BAC}.Debug9|x64.Build.0 = Debug_CII|Win32
		{B995F4A1-28E9-42E4-99B9-D4F3FB737BAC}.Hybrid|Win32.ActiveCfg = Debug_CII|Win32
		{B995F4A1-28E9-42E4-99B9-D4F3FB737BAC}.Hybrid|Win32.Build.0 = Debug_CII|Win32
		{B995F4A1-28E9-42E4-99B9-D4F3FB737BAC}.Hybrid|x64.ActiveCfg = Release|Win32
		{B995F4A1-28E9-42E4-99B9-D4F3FB737BAC}.Hybrid|x64.Build.0 = Release|Win32
		{B995F4A1-28E9-42E4-99B9-D4F3FB737BAC}.Library|Win32.ActiveCfg = Library|Win32
		{B995F4A1-28E9-42E4-99B9-D4F3FB737BAC}.Library|Win32.Build.0 = Library|Win32
		{B995F4A1-28E9-42E4-99B9-D4F3FB737BAC}.Library|x64.ActiveCfg = Library|Win32
		{B995F4A1-28E9-42E4-99B9-D4F3FB737BAC}.Library|x64.Build.0 = Library|Win32
		{B995F4A1-28E9-42E4-99B9-D4F3FB737BAC}.Mtd|Win32.ActiveCfg = Debug_CII|Win32
		{B995F4A1-28E9-42E4-99B9-D4F3FB737BAC}.Mtd|Win32.Build.0 = Debug_CII|Win32
		{B995F4A1-28E9-42E4-99B9-D4F3FB737BAC}.Mtd|x64.ActiveCfg = Release|Win32
		{B995F4A1-28E9-42E4-99B9-D4F3FB737BAC}.Mtd|x64.Build.0 = Release|Win32
		{B995F4A1-28E9-42E4-99B9-D4F3FB737BAC}.Mtd9|Win32.ActiveCfg = Debug_CII|Win32
		{B995F4A1-28E9-42E4-99B9-D4F3FB737BAC}.Mtd9|Win32.Build.0 = Debug_CII|Win32
		{B995F4A1-28E9-42E4-99B9-D4F3FB737BAC}.Mtd9|x64.ActiveCfg = Release|Win32
		{B995F4A1-28E9-42E4-99B9-D4F3FB737BAC}.Mtd9|x64.Build.0 = Release|Win32
		{B995F4A1-28E9-42E4-99B9-D4F3FB737BAC}.pre_release|Win32.ActiveCfg = pre_release|Win32
		{B995F4A1-28E9-42E4-99B9-D4F3FB737BAC}.pre_release|Win32.Build.0 = pre_release|Win32
		{B995F4A1-28E9-42E4-99B9-D4F3FB737BAC}.pre_release|x64.ActiveCfg = pre_release|Win32
		{B995F4A1-28E9-42E4-99B9-D4F3FB737BAC}.pre_release|x64.Build.0 = pre_release|Win32
		{B995F4A1-28E9-42E4-99B9-D4F3FB737BAC}.Release European Warfare No Speedfix|Win32.ActiveCfg = Release|Win32
		{B995F4A1-28E9-42E4-99B9-D4F3FB737BAC}.Release European Warfare No Speedfix|Win32.Build.0 = Release|Win32
		{B995F4A1-28E9-42E4-99B9-D4F3FB737BAC}.Release European Warfare No Speedfix|x64.ActiveCfg = Release|Win32
		{B995F4A1-28E9-42E4-99B9-D4F3FB737BAC}.Release European Warfare No Speedfix|x64.Build.0 = Release|Win32
		{B995F4A1-28E9-42E4-99B9-D4F3FB737BAC}.Release European Warfare|Win32.ActiveCfg = Release|Win32
		{B995F4A1-28E9-42E4-99B9-D4F3FB737BAC}.Release European Warfare|Win32.Build.0 = Release|Win32
		{B995F4A1-28E9-42E4-99B9-D4F3FB737BAC}.Release European Warfare|x64.ActiveCfg = Release|Win32
		{B995F4A1-28E9-42E4-99B9-D4F3FB737BAC}.Release European Warfare|x64.Build.0 = Release|Win32
		{B995F4A1-28E9-42E4-99B9-D4F3FB737BAC}.Release No Speedfix|Win32.ActiveCfg = Release|Win32
		{B995F4A1-28E9-42E4-99B9-D4F3FB737BAC}.Release No Speedfix|Win32.Build.0 = Release|Win32
		{B995F4A1-28E9-42E4-99B9-D4F3FB737BAC}.Release No Speedfix|x64.ActiveCfg = Release|Win32
		{B995F4A1-28E9-42E4-99B9-D4F3FB737BAC}.Release No Speedfix|x64.Build.0 = Release|Win32
		{B995F4A1-28E9-42E4-99B9-D4F3FB737BAC}.Release_CII_test|Win32.ActiveCfg = Release|Win32
		{B995F4A1-28E9-42E4-99B9-D4F3FB737BAC}.Release_CII_test|Win32.Build.0 = Release|Win32
		{B995F4A1-28E9-42E4-99B9-D4F3FB737BAC}.Release_CII_test|x64.ActiveCfg = Release|Win32
		{B995F4A1-28E9-42E4-99B9-D4F3FB737BAC}.Release_CII_test|x64.Build.0 = Release|Win32
		{B995F4A1-28E9-42E4-99B9-D4F3FB737BAC}.Release|Win32.ActiveCfg = Release|Win32
		{B995F4A1-28E9-42E4-99B9-D4F3FB737BAC}.Release|Win32.Build.0 = Release|Win32
		{B995F4A1-28E9-42E4-99B9-D4F3FB737BAC}.Release|x64.ActiveCfg = Release|Win32
		{B995F4A1-28E9-42E4-99B9-D4F3FB737BAC}.Release|x64.Build.0 = Release|Win32
		{B995F4A1-28E9-42E4-99B9-D4F3FB737BAC}.Release3d_inl|Win32.ActiveCfg = Release|Win32
		{B995F4A1-28E9-42E4-99B9-D4F3FB737BAC}.Release3d_inl|Win32.Build.0 = Release|Win32
		{B995F4A1-28E9-42E4-99B9-D4F3FB737BAC}.Release3d_inl|x64.ActiveCfg = Release|Win32
		{B995F4A1-28E9-42E4-99B9-D4F3FB737BAC}.Release3d_inl|x64.Build.0 = Release|Win32
		{B995F4A1-28E9-42E4-99B9-D4F3FB737BAC}.Release3d|Win32.ActiveCfg = Release|Win32
		{B995F4A1-28E9-42E4-99B9-D4F3FB737BAC}.Release3d|Win32.Build.0 = Release|Win32
		{B995F4A1-28E9-42E4-99B9-D4F3FB737BAC}.Release3d|x64.ActiveCfg = Release|Win32
		{B995F4A1-28E9-42E4-99B9-D4F3FB737BAC}.Release3d|x64.Build.0 = Release|Win32
		{B995F4A1-28E9-42E4-99B9-D4F3FB737BAC}.Release9|Win32.ActiveCfg = Release|Win32
		{B995F4A1-28E9-42E4-99B9-D4F3FB737BAC}.Release9|Win32.Build.0 = Release|Win32
		{B995F4A1-28E9-42E4-99B9-D4F3FB737BAC}.Release9|x64.ActiveCfg = Release|Win32
		{B995F4A1-28E9-42E4-99B9-D4F3FB737BAC}.Release9|x64.Build.0 = Release|Win32
		{57D8163B-7DCF-469E-A17D-F1F78695CD80}.Debug_CII|Win32.ActiveCfg = Debug_CII|Win32
		{57D8163B-7DCF-469E-A17D-F1F78695CD80}.Debug_CII|Win32.Build.0 = Debug_CII|Win32
		{57D8163B-7DCF-469E-A17D-F1F78695CD80}.Debug_CII|x64.ActiveCfg = Debug_CII|Win32
		{57D8163B-7DCF-469E-A17D-F1F78695CD80}.Debug_CII|x64.Build.0 = Debug_CII|Win32
		{57D8163B-7DCF-469E-A17D-F1F78695CD80}.Debug|Win32.ActiveCfg = Debug|Win32
		{57D8163B-7DCF-469E-A17D-F1F78695CD80}.Debug|Win32.Build.0 = Debug|Win32
		{57D8163B-7DCF-469E-A17D-F1F78695CD80}.Debug|x64.ActiveCfg = Debug|Win32
		{57D8163B-7DCF-469E-A17D-F1F78695CD80}.Debug|x64.Build.0 = Debug|Win32
		{57D8163B-7DCF-469E-A17D-F1F78695CD80}.Debug9|Win32.ActiveCfg = Debug_CII|Win32
		{57D8163B-7DCF-469E-A17D-F1F78695CD80}.Debug9|Win32.Build.0 = Debug_CII|Win32
		{57D8163B-7DCF-469E-A17D-F1F78695CD80}.Debug9|x64.ActiveCfg = Debug_CII|Win32
		{57D8163B-7DCF-469E-A17D-F1F78695CD80}.Debug9|x64.Build.0 = Debug_CII|Win32
		{57D8163B-7DCF-469E-A17D-F1F78695CD80}.Hybrid|Win32.ActiveCfg = Release|Win32
		{57D8163B-7DCF-469E-A17D-F1F78695CD80}.Hybrid|Win32.Build.0 = Release|Win32
		{57D8163B-7DCF-469E-A17D-F1F78695CD80}.Hybrid|x64.ActiveCfg = Release|Win32
		{57D8163B-7DCF-469E-A17D-F1F78695CD80}.Hybrid|x64.Build.0 = Release|Win32
		{57D8163B-7DCF-469E-A17D-F1F78695CD80}.Library|Win32.ActiveCfg = Library|Win32
		{57D8163B-7DCF-469E-A17D-F1F78695CD80}.Library|Win32.Build.0 = Library|Win32
		{57D8163B-7DCF-469E-A17D-F1F78695CD80}.Library|x64.ActiveCfg = Library|Win32
		{57D8163B-7DCF-469E-A17D-F1F78695CD80}.Library|x64.Build.0 = Library|Win32
		{57D8163B-7DCF-469E-A17D-F1F78695CD80}.Mtd|Win32.ActiveCfg = Release|Win32
		{57D8163B-7DCF-469E-A17D-F1F78695CD80}.Mtd|Win32.Build.0 = Release|Win32
		{57D8163B-7DCF-469E-A17D-F1F78695CD80}.Mtd|x64.ActiveCfg = Release|Win32
		{57D8163B-7DCF-469E-A17D-F1F78695CD80}.Mtd|x64.Build.0 = Release|Win32
		{57D8163B-7DCF-469E-A17D-F1F78695CD80}.Mtd9|Win32.ActiveCfg = Release|Win32
		{57D8163B-7DCF-469E-A17D-F1F78695CD80}.Mtd9|Win32.Build.0 = Release|Win32
		{57D8163B-7DCF-469E-A17D-F1F78695CD80}.Mtd9|x64.ActiveCfg = Release|Win32
		{57D8163B-7DCF-469E-A17D-F1F78695CD80}.Mtd9|x64.Build.0 = Release|Win32
		{57D8163B-7DCF-469E-A17D-F1F78695CD80}.pre_release|Win32.ActiveCfg = pre_release|Win32
		{57D8163B-7DCF-469E-A17D-F1F78695CD80}.pre_release|Win32.Build.0 = pre_release|Win32
		{57D8163B-7DCF-469E-A17D-F1F78695CD80}.pre_release|x64.ActiveCfg = pre_release|Win32
		{57D8163B-7DCF-469E-A17D-F1F78695CD80}.pre_release|x64.Build.0 = pre_release|Win32
		{57D8163B-7DCF-469E-A17D-F1F78695CD80}.Release European Warfare No Speedfix|Win32.ActiveCfg = Release|Win32
		{57D8163B-7DCF-469E-A17D-F1F78695CD80}.Release European Warfare No Speedfix|Win32.Build.0 = Release|Win32
		{57D8163B-7DCF-469E-A17D-F1F78695CD80}.Release European Warfare No Speedfix|x64.ActiveCfg = Release|Win32
		{57D8163B-7DCF-469E-A17D-F1F78695CD80}.Release European Warfare No Speedfix|x64.Build.0 = Release|Win32
		{57D8163B-7DCF-469E-A17D-F1F78695CD80}.Release European Warfare|Win32.ActiveCfg = Release|Win32
		{57D8163B-7DCF-469E-A17D-F1F78695CD80}.Release European Warfare|Win32.Build.0 = Release|Win32
		{57D8163B-7DCF-469E-A17D-F1F78695CD80}.Release European Warfare|x64.ActiveCfg = Release|Win32
		{57D8163B-7DCF-469E-A17D-F1F78695CD80}.Release European Warfare|x64.Build.0 = Release|Win32
		{57D8163B-7DCF-469E-A17D-F1F78695CD80}.Release No Speedfix|Win32.ActiveCfg = Release|Win32
		{57D8163B-7DCF-469E-A17D-F1F78695CD80}.Release No Speedfix|Win32.Build.0 = Release|Win32
		{57D8163B-7DCF-469E-A17D-F1F78695CD80}.Release No Speedfix|x64.ActiveCfg = Release|Win32
		{57D8163B-7DCF-469E-A17D-F1F78695CD80}.Release No Speedfix|x64.Build.0 = Release|Win32
		{57D8163B-7DCF-469E-A17D-F1F78695CD80}.Release_CII_test|Win32.ActiveCfg = Release|Win32
		{57D8163B-7DCF-469E-A17D-F1F78695CD80}.Release_CII_test|Win32.Build.0 = Release|Win32
		{57D8163B-7DCF-469E-A17D-F1F78695CD80}.Release_CII_test|x64.ActiveCfg = Release|Win32
		{57D8163B-7DCF-469E-A17D-F1F78695CD80}.Release_CII_test|x64.Build.0 = Release|Win32
		{57D8163B-7DCF-469E-A17D-F1F78695CD80}.Release|Win32.ActiveCfg = Release|Win32
		{57D8163B-7DCF-469E-A17D-F1F78695CD80}.Release|Win32.Build.0 = Release|Win32
		{57D8163B-7DCF-469E-A17D-F1F78695CD80}.Release|x64.ActiveCfg = Release|Win32
		{57D8163B-7DCF-469E-A17D-F1F78695CD80}.Release|x64.Build.0 = Release|Win32
		{57D8163B-7DCF-469E-A17D-F1F78695CD80}.Release3d_inl|Win32.ActiveCfg = Release|Win32
		{57D8163B-7DCF-469E-A17D-F1F78695CD80}.Release3d_inl|Win32.Build.0 = Release|Win32
		{57D8163B-7DCF-469E-A17D-F1F78695CD80}.Release3d_inl|x64.ActiveCfg = Release|Win32
		{57D8163B-7DCF-469E-A17D-F1F78695CD80}.Release3d_inl|x64.Build.0 = Release|Win32
		{57D8163B-7DCF-469E-A17D-F1F78695CD80}.Release3d|Win32.ActiveCfg = Release|Win32
		{57D8163B-7DCF-469E-A17D-F1F78695CD80}.Release3d|Win32.Build.0 = Release|Win32
		{57D8163B-7DCF-469E-A17D-F1F78695CD80}.Release3d|x64.ActiveCfg = Release|Win32
		{57D8163B-7DCF-469E-A17D-F1F78695CD80}.Release3d|x64.Build.0 = Release|Win32
		{57D8163B-7DCF-469E-A17D-F1F78695CD80}.Release9|Win32.ActiveCfg = Release|Win32
		{57D8163B-7DCF-469E-A17D-F1F78695CD80}.Release9|Win32.Build.0 = Release|Win32
		{57D8163B-7DCF-469E-A17D-F1F78695CD80}.Release9|x64.ActiveCfg = Release|Win32
		{57D8163B-7DCF-469E-A17D-F1F78695CD80}.Release9|x64.Build.0 = Release|Win32
		{C7097266-6192-4B04-9D0F-A679C1E9D49D}.Debug_CII|Win32.ActiveCfg = Debug|Win32
		{C7097266-6192-4B04-9D0F-A679C1E9D49D}.Debug_CII|Win32.Build.0 = Debug|Win32
		{C7097266-6192-4B04-9D0F-A679C1E9D49D}.Debug_CII|x64.ActiveCfg = Debug|Win32
		{C7097266-6192-4B04-9D0F-A679C1E9D49D}.Debug_CII|x64.Build.0 = Debug|Win32
		{C7097266-6192-4B04-9D0F-A679C1E9D49D}.Debug|Win32.ActiveCfg = Debug|Win32
		{C7097266-6192-4B04-9D0F-A679C1E9D49D}.Debug|Win32.Build.0 = Debug|Win32
		{C7097266-6192-4B04-9D0F-A679C1E9D49D}.Debug|x64.ActiveCfg = Debug|Win32
		{C7097266-6192-4B04-9D0F-A679C1E9D49D}.Debug|x64.Build.0 = Debug|Win32
		{C7097266-6192-4B04-9D0F-A679C1E9D49D}.Debug9|Win32.ActiveCfg = Debug|Win32
		{C7097266-6192-4B04-9D0F-A679C1E9D49D}.Debug9|Win32.Build.0 = Debug|Win32
		{C7097266-6192-4B04-9D0F-A679C1E9D49D}.Debug9|x64.ActiveCfg = Debug|Win32
		{C7097266-6192-4B04-9D0F-A679C1E9D49D}.Debug9|x64.Build.0 = Debug|Win32
		{C7097266-6192-4B04-9D0F-A679C1E9D49D}.Hybrid|Win32.ActiveCfg = Hybrid|Win32
		{C7097266-6192-4B04-9D0F-A679C1E9D49D}.Hybrid|Win32.Build.0 = Hybrid|Win32
		{C7097266-6192-4B04-9D0F-A679C1E9D49D}.Hybrid|x64.ActiveCfg = Hybrid|Win32
		{C7097266-6192-4B04-9D0F-A679C1E9D49D}.Hybrid|x64.Build.0 = Hybrid|Win32
		{C7097266-6192-4B04-9D0F-A679C1E9D49D}.Library|Win32.ActiveCfg = Library|Win32
		{C7097266-6192-4B04-9D0F-A679C1E9D49D}.Library|Win32.Build.0 = Library|Win32
		{C7097266-6192-4B04-9D0F-A679C1E9D49D}.Library|x64.ActiveCfg = Library|Win32
		{C7097266-6192-4B04-9D0F-A679C1E9D49D}.Library|x64.Build.0 = Library|Win32
		{C7097266-6192-4B04-9D0F-A679C1E9D49D}.Mtd|Win32.ActiveCfg = Release|Win32
		{C7097266-6192-4B04-9D0F-A679C1E9D49D}.Mtd|Win32.Build.0 = Release|Win32
		{C7097266-6192-4B04-9D0F-A679C1E9D49D}.Mtd|x64.ActiveCfg = Release|Win32
		{C7097266-6192-4B04-9D0F-A679C1E9D49D}.Mtd|x64.Build.0 = Release|Win32
		{C7097266-6192-4B04-9D0F-A679C1E9D49D}.Mtd9|Win32.ActiveCfg = Release|Win32
		{C7097266-6192-4B04-9D0F-A679C1E9D49D}.Mtd9|Win32.Build.0 = Release|Win32
		{C7097266-6192-4B04-9D0F-A679C1E9D49D}.Mtd9|x64.ActiveCfg = Release|Win32
		{C7097266-6192-4B04-9D0F-A679C1E9D49D}.Mtd9|x64.Build.0 = Release|Win32
		{C7097266-6192-4B04-9D0F-A679C1E9D49D}.pre_release|Win32.ActiveCfg = pre_release|Win32
		{C7097266-6192-4B04-9D0F-A679C1E9D49D}.pre_release|Win32.Build.0 = pre_release|Win32
		{C7097266-6192-4B04-9D0F-A679C1E9D49D}.pre_release|x64.ActiveCfg = pre_release|Win32
		{C7097266-6192-4B04-9D0F-A679C1E9D49D}.pre_release|x64.Build.0 = pre_release|Win32
		{C7097266-6192-4B04-9D0F-A679C1E9D49D}.Release European Warfare No Speedfix|Win32.ActiveCfg = Release|Win32
		{C7097266-6192-4B04-9D0F-A679C1E9D49D}.Release European Warfare No Speedfix|Win32.Build.0 = Release|Win32
		{C7097266-6192-4B04-9D0F-A679C1E9D49D}.Release European Warfare No Speedfix|x64.ActiveCfg = Release|Win32
		{C7097266-6192-4B04-9D0F-A679C1E9D49D}.Release European Warfare No Speedfix|x64.Build.0 = Release|Win32
		{C7097266-6192-4B04-9D0F-A679C1E9D49D}.Release European Warfare|Win32.ActiveCfg = Release|Win32
		{C7097266-6192-4B04-9D0F-A679C1E9D49D}.Release European Warfare|Win32.Build.0 = Release|Win32
		{C7097266-6192-4B04-9D0F-A679C1E9D49D}.Release European Warfare|x64.ActiveCfg = Release|Win32
		{C7097266-6192-4B04-9D0F-A679C1E9D49D}.Release European Warfare|x64.Build.0 = Release|Win32
		{C7097266-6192-4B04-9D0F-A679C1E9D49D}.Release No Speedfix|Win32.ActiveCfg = Release|Win32
		{C7097266-6192-4B04-9D0F-A679C1E9D49D}.Release No Speedfix|Win32.Build.0 = Release|Win32
		{C7097266-6192-4B04-9D0F-A679C1E9D49D}.Release No Speedfix|x64.ActiveCfg = Release|Win32
		{C7097266-6192-4B04-9D0F-A679C1E9D49D}.Release No Speedfix|x64.Build.0 = Release|Win32
		{C7097266-6192-4B04-9D0F-A679C1E9D49D}.Release_CII_test|Win32.ActiveCfg = Release|Win32
		{C7097266-6192-4B04-9D0F-A679C1E9D49D}.Release_CII_test|Win32.Build.0 = Release|Win32
		{C7097266-6192-4B04-9D0F-A679C1E9D49D}.Release_CII_test|x64.ActiveCfg = Release|Win32
		{C7097266-6192-4B04-9D0F-A679C1E9D49D}.Release_CII_test|x64.Build.0 = Release|Win32
		{C7097266-6192-4B04-9D0F-A679C1E9D49D}.Release|Win32.ActiveCfg = Release|Win32
		{C7097266-6192-4B04-9D0F-A679C1E9D49D}.Release|Win32.Build.0 = Release|Win32
		{C7097266-6192-4B04-9D0F-A679C1E9D49D}.Release|x64.ActiveCfg = Release|Win32
		{C7097266-6192-4B04-9D0F-A679C1E9D49D}.Release|x64.Build.0 = Release|Win32
		{C7097266-6192-4B04-9D0F-A679C1E9D49D}.Release3d_inl|Win32.ActiveCfg = Release|Win32
		{C7097266-6192-4B04-9D0F-A679C1E9D49D}.Release3d_inl|Win32.Build.0 = Release|Win32
		{C7097266-6192-4B04-9D0F-A679C1E9D49D}.Release3d_inl|x64.ActiveCfg = Release|Win32
		{C7097266-6192-4B04-9D0F-A679C1E9D49D}.Release3d_inl|x64.Build.0 = Release|Win32
		{C7097266-6192-4B04-9D0F-A679C1E9D49D}.Release3d|Win32.ActiveCfg = Release|Win32
		{C7097266-6192-4B04-9D0F-A679C1E9D49D}.Release3d|Win32.Build.0 = Release|Win32
		{C7097266-6192-4B04-9D0F-A679C1E9D49D}.Release3d|x64.ActiveCfg = Release|Win32
		{C7097266-6192-4B04-9D0F-A679C1E9D49D}.Release3d|x64.Build.0 = Release|Win32
		{C7097266-6192-4B04-9D0F-A679C1E9D49D}.Release9|Win32.ActiveCfg = Release|Win32
		{C7097266-6192-4B04-9D0F-A679C1E9D49D}.Release9|Win32.Build.0 = Release|Win32
		{C7097266-6192-4B04-9D0F-A679C1E9D49D}.Release9|x64.ActiveCfg = Release|Win32
		{C7097266-6192-4B04-9D0F-A679C1E9D49D}.Release9|x64.Build.0 = Release|Win32
		{D8A098CA-AEE8-4C76-B447-D44F1F7A2FA4}.Debug_CII|Win32.ActiveCfg = Release3d|Win32
		{D8A098CA-AEE8-4C76-B447-D44F1F7A2FA4}.Debug_CII|Win32.Build.0 = Release3d|Win32
		{D8A098CA-AEE8-4C76-B447-D44F1F7A2FA4}.Debug_CII|x64.ActiveCfg = Release3d_inl|Win32
		{D8A098CA-AEE8-4C76-B447-D44F1F7A2FA4}.Debug_CII|x64.Build.0 = Release3d_inl|Win32
		{D8A098CA-AEE8-4C76-B447-D44F1F7A2FA4}.Debug|Win32.ActiveCfg = Release3d|Win32
		{D8A098CA-AEE8-4C76-B447-D44F1F7A2FA4}.Debug|Win32.Build.0 = Release3d|Win32
		{D8A098CA-AEE8-4C76-B447-D44F1F7A2FA4}.Debug|x64.ActiveCfg = Release3d_inl|Win32
		{D8A098CA-AEE8-4C76-B447-D44F1F7A2FA4}.Debug|x64.Build.0 = Release3d_inl|Win32
		{D8A098CA-AEE8-4C76-B447-D44F1F7A2FA4}.Debug9|Win32.ActiveCfg = Release3d|Win32
		{D8A098CA-AEE8-4C76-B447-D44F1F7A2FA4}.Debug9|Win32.Build.0 = Release3d|Win32
		{D8A098CA-AEE8-4C76-B447-D44F1F7A2FA4}.Debug9|x64.ActiveCfg = Release3d_inl|Win32
		{D8A098CA-AEE8-4C76-B447-D44F1F7A2FA4}.Debug9|x64.Build.0 = Release3d_inl|Win32
		{D8A098CA-AEE8-4C76-B447-D44F1F7A2FA4}.Hybrid|Win32.ActiveCfg = Release3d|Win32
		{D8A098CA-AEE8-4C76-B447-D44F1F7A2FA4}.Hybrid|Win32.Build.0 = Release3d|Win32
		{D8A098CA-AEE8-4C76-B447-D44F1F7A2FA4}.Hybrid|x64.ActiveCfg = Release3d_inl|Win32
		{D8A098CA-AEE8-4C76-B447-D44F1F7A2FA4}.Hybrid|x64.Build.0 = Release3d_inl|Win32
		{D8A098CA-AEE8-4C76-B447-D44F1F7A2FA4}.Library|Win32.ActiveCfg = Release|Win32
		{D8A098CA-AEE8-4C76-B447-D44F1F7A2FA4}.Library|Win32.Build.0 = Release|Win32
		{D8A098CA-AEE8-4C76-B447-D44F1F7A2FA4}.Library|x64.ActiveCfg = Library|Win32
		{D8A098CA-AEE8-4C76-B447-D44F1F7A2FA4}.Library|x64.Build.0 = Library|Win32
		{D8A098CA-AEE8-4C76-B447-D44F1F7A2FA4}.Mtd|Win32.ActiveCfg = Release3d|Win32
		{D8A098CA-AEE8-4C76-B447-D44F1F7A2FA4}.Mtd|Win32.Build.0 = Release3d|Win32
		{D8A098CA-AEE8-4C76-B447-D44F1F7A2FA4}.Mtd|x64.ActiveCfg = Release3d_inl|Win32
		{D8A098CA-AEE8-4C76-B447-D44F1F7A2FA4}.Mtd|x64.Build.0 = Release3d_inl|Win32
		{D8A098CA-AEE8-4C76-B447-D44F1F7A2FA4}.Mtd9|Win32.ActiveCfg = Release3d|Win32
		{D8A098CA-AEE8-4C76-B447-D44F1F7A2FA4}.Mtd9|Win32.Build.0 = Release3d|Win32
		{D8A098CA-AEE8-4C76-B447-D44F1F7A2FA4}.Mtd9|x64.ActiveCfg = Release3d_inl|Win32
		{D8A098CA-AEE8-4C76-B447-D44F1F7A2FA4}.Mtd9|x64.Build.0 = Release3d_inl|Win32
		{D8A098CA-AEE8-4C76-B447-D44F1F7A2FA4}.pre_release|Win32.ActiveCfg = pre_release|Win32
		{D8A098CA-AEE8-4C76-B447-D44F1F7A2FA4}.pre_release|Win32.Build.0 = pre_release|Win32
		{D8A098CA-AEE8-4C76-B447-D44F1F7A2FA4}.pre_release|x64.ActiveCfg = pre_release|Win32
		{D8A098CA-AEE8-4C76-B447-D44F1F7A2FA4}.pre_release|x64.Build.0 = pre_release|Win32
		{D8A098CA-AEE8-4C76-B447-D44F1F7A2FA4}.Release European Warfare No Speedfix|Win32.ActiveCfg = Release European Warfare No Speedfix|Win32
		{D8A098CA-AEE8-4C76-B447-D44F1F7A2FA4}.Release European Warfare No Speedfix|Win32.Build.0 = Release European Warfare No Speedfix|Win32
		{D8A098CA-AEE8-4C76-B447-D44F1F7A2FA4}.Release European Warfare No Speedfix|x64.ActiveCfg = Release European Warfare No Speedfix|Win32
		{D8A098CA-AEE8-4C76-B447-D44F1F7A2FA4}.Release European Warfare No Speedfix|x64.Build.0 = Release European Warfare No Speedfix|Win32
		{D8A098CA-AEE8-4C76-B447-D44F1F7A2FA4}.Release European Warfare|Win32.ActiveCfg = Release European Warfare|Win32
		{D8A098CA-AEE8-4C76-B447-D44F1F7A2FA4}.Release European Warfare|Win32.Build.0 = Release European Warfare|Win32
		{D8A098CA-AEE8-4C76-B447-D44F1F7A2FA4}.Release European Warfare|x64.ActiveCfg = Release European Warfare|Win32
		{D8A098CA-AEE8-4C76-B447-D44F1F7A2FA4}.Release European Warfare|x64.Build.0 = Release European Warfare|Win32
		{D8A098CA-AEE8-4C76-B447-D44F1F7A2FA4}.Release No Speedfix|Win32.ActiveCfg = Release No Speedfix|Win32
		{D8A098CA-AEE8-4C76-B447-D44F1F7A2FA4}.Release No Speedfix|Win32.Build.0 = Release No Speedfix|Win32
		{D8A098CA-AEE8-4C76-B447-D44F1F7A2FA4}.Release No Speedfix|x64.ActiveCfg = Release No Speedfix|Win32
		{D8A098CA-AEE8-4C76-B447-D44F1F7A2FA4}.Release No Speedfix|x64.Build.0 = Release No Speedfix|Win32
		{D8A098CA-AEE8-4C76-B447-D44F1F7A2FA4}.Release_CII_test|Win32.ActiveCfg = Release_CII_test|Win32
		{D8A098CA-AEE8-4C76-B447-D44F1F7A2FA4}.Release_CII_test|Win32.Build.0 = Release_CII_test|Win32
		{D8A098CA-AEE8-4C76-B447-D44F1F7A2FA4}.Release_CII_test|x64.ActiveCfg = Release_CII_test|Win32
		{D8A098CA-AEE8-4C76-B447-D44F1F7A2FA4}.Release_CII_test|x64.Build.0 = Release_CII_test|Win32
		{D8A098CA-AEE8-4C76-B447-D44F1F7A2FA4}.Release|Win32.ActiveCfg = Release|Win32
		{D8A098CA-AEE8-4C76-B447-D44F1F7A2FA4}.Release|Win32.Build.0 = Release|Win32
		{D8A098CA-AEE8-4C76-B447-D44F1F7A2FA4}.Release|x64.ActiveCfg = Release|Win32
		{D8A098CA-AEE8-4C76-B447-D44F1F7A2FA4}.Release|x64.Build.0 = Release|Win32
		{D8A098CA-AEE8-4C76-B447-D44F1F7A2FA4}.Release3d_inl|Win32.ActiveCfg = Release3d_inl|Win32
		{D8A098CA-AEE8-4C76-B447-D44F1F7A2FA4}.Release3d_inl|Win32.Build.0 = Release3d_inl|Win32
		{D8A098CA-AEE8-4C76-B447-D44F1F7A2FA4}.Release3d_inl|x64.ActiveCfg = Release3d_inl|Win32
		{D8A098CA-AEE8-4C76-B447-D44F1F7A2FA4}.Release3d_inl|x64.Build.0 = Release3d_inl|Win32
		{D8A098CA-AEE8-4C76-B447-D44F1F7A2FA4}.Release3d|Win32.ActiveCfg = Release3d|Win32
		{D8A098CA-AEE8-4C76-B447-D44F1F7A2FA4}.Release3d|Win32.Build.0 = Release3d|Win32
		{D8A098CA-AEE8-4C76-B447-D44F1F7A2FA4}.Release3d|x64.ActiveCfg = Release3d|Win32
		{D8A098CA-AEE8-4C76-B447-D44F1F7A2FA4}.Release3d|x64.Build.0 = Release3d|Win32
		{D8A098CA-AEE8-4C76-B447-D44F1F7A2FA4}.Release9|Win32.ActiveCfg = Release3d|Win32
		{D8A098CA-AEE8-4C76-B447-D44F1F7A2FA4}.Release9|Win32.Build.0 = Release3d|Win32
		{D8A098CA-AEE8-4C76-B447-D44F1F7A2FA4}.Release9|x64.ActiveCfg = Release3d_inl|Win32
		{D8A098CA-AEE8-4C76-B447-D44F1F7A2FA4}.Release9|x64.Build.0 = Release3d_inl|Win32
		{0B70C49E-FCC6-47F0-BDA5-FC889B280EB4}.Debug_CII|Win32.ActiveCfg = Debug9|Win32
		{0B70C49E-FCC6-47F0-BDA5-FC889B280EB4}.Debug_CII|Win32.Build.0 = Debug9|Win32
		{0B70C49E-FCC6-47F0-BDA5-FC889B280EB4}.Debug_CII|x64.ActiveCfg = Debug9|Win32
		{0B70C49E-FCC6-47F0-BDA5-FC889B280EB4}.Debug_CII|x64.Build.0 = Debug9|Win32
		{0B70C49E-FCC6-47F0-BDA5-FC889B280EB4}.Debug|Win32.ActiveCfg = Debug|Win32
		{0B70C49E-FCC6-47F0-BDA5-FC889B280EB4}.Debug|Win32.Build.0 = Debug|Win32
		{0B70C49E-FCC6-47F0-BDA5-FC889B280EB4}.Debug|x64.ActiveCfg = Debug|Win32
		{0B70C49E-FCC6-47F0-BDA5-FC889B280EB4}.Debug|x64.Build.0 = Debug|Win32
		{0B70C49E-FCC6-47F0-BDA5-FC889B280EB4}.Debug9|Win32.ActiveCfg = Debug9|Win32
		{0B70C49E-FCC6-47F0-BDA5-FC889B280EB4}.Debug9|Win32.Build.0 = Debug9|Win32
		{0B70C49E-FCC6-47F0-BDA5-FC889B280EB4}.Debug9|x64.ActiveCfg = Debug9|Win32
		{0B70C49E-FCC6-47F0-BDA5-FC889B280EB4}.Debug9|x64.Build.0 = Debug9|Win32
		{0B70C49E-FCC6-47F0-BDA5-FC889B280EB4}.Hybrid|Win32.ActiveCfg = Debug9|Win32
		{0B70C49E-FCC6-47F0-BDA5-FC889B280EB4}.Hybrid|Win32.Build.0 = Debug9|Win32
		{0B70C49E-FCC6-47F0-BDA5-FC889B280EB4}.Hybrid|x64.ActiveCfg = Release|Win32
		{0B70C49E-FCC6-47F0-BDA5-FC889B280EB4}.Hybrid|x64.Build.0 = Release|Win32
		{0B70C49E-FCC6-47F0-BDA5-FC889B280EB4}.Library|Win32.ActiveCfg = Library|Win32
		{0B70C49E-FCC6-47F0-BDA5-FC889B280EB4}.Library|Win32.Build.0 = Library|Win32
		{0B70C49E-FCC6-47F0-BDA5-FC889B280EB4}.Library|x64.ActiveCfg = Library|Win32
		{0B70C49E-FCC6-47F0-BDA5-FC889B280EB4}.Library|x64.Build.0 = Library|Win32
		{0B70C49E-FCC6-47F0-BDA5-FC889B280EB4}.Mtd|Win32.ActiveCfg = Mtd|Win32
		{0B70C49E-FCC6-47F0-BDA5-FC889B280EB4}.Mtd|Win32.Build.0 = Mtd|Win32
		{0B70C49E-FCC6-47F0-BDA5-FC889B280EB4}.Mtd|x64.ActiveCfg = Mtd|Win32
		{0B70C49E-FCC6-47F0-BDA5-FC889B280EB4}.Mtd|x64.Build.0 = Mtd|Win32
		{0B70C49E-FCC6-47F0-BDA5-FC889B280EB4}.Mtd9|Win32.ActiveCfg = Mtd9|Win32
		{0B70C49E-FCC6-47F0-BDA5-FC889B280EB4}.Mtd9|Win32.Build.0 = Mtd9|Win32
		{0B70C49E-FCC6-47F0-BDA5-FC889B280EB4}.Mtd9|x64.ActiveCfg = Mtd9|Win32
		{0B70C49E-FCC6-47F0-BDA5-FC889B280EB4}.Mtd9|x64.Build.0 = Mtd9|Win32
		{0B70C49E-FCC6-47F0-BDA5-FC889B280EB4}.pre_release|Win32.ActiveCfg = pre_release|Win32
		{0B70C49E-FCC6-47F0-BDA5-FC889B280EB4}.pre_release|Win32.Build.0 = pre_release|Win32
		{0B70C49E-FCC6-47F0-BDA5-FC889B280EB4}.pre_release|x64.ActiveCfg = pre_release|Win32
		{0B70C49E-FCC6-47F0-BDA5-FC889B280EB4}.pre_release|x64.Build.0 = pre_release|Win32
		{0B70C49E-FCC6-47F0-BDA5-FC889B280EB4}.Release European Warfare No Speedfix|Win32.ActiveCfg = Release9|Win32
		{0B70C49E-FCC6-47F0-BDA5-FC889B280EB4}.Release European Warfare No Speedfix|Win32.Build.0 = Release9|Win32
		{0B70C49E-FCC6-47F0-BDA5-FC889B280EB4}.Release European Warfare No Speedfix|x64.ActiveCfg = Release9|Win32
		{0B70C49E-FCC6-47F0-BDA5-FC889B280EB4}.Release European Warfare No Speedfix|x64.Build.0 = Release9|Win32
		{0B70C49E-FCC6-47F0-BDA5-FC889B280EB4}.Release European Warfare|Win32.ActiveCfg = Release9|Win32
		{0B70C49E-FCC6-47F0-BDA5-FC889B280EB4}.Release European Warfare|Win32.Build.0 = Release9|Win32
		{0B70C49E-FCC6-47F0-BDA5-FC889B280EB4}.Release European Warfare|x64.ActiveCfg = Release9|Win32
		{0B70C49E-FCC6-47F0-BDA5-FC889B280EB4}.Release European Warfare|x64.Build.0 = Release9|Win32
		{0B70C49E-FCC6-47F0-BDA5-FC889B280EB4}.Release No Speedfix|Win32.ActiveCfg = Release9|Win32
		{0B70C49E-FCC6-47F0-BDA5-FC889B280EB4}.Release No Speedfix|Win32.Build.0 = Release9|Win32
		{0B70C49E-FCC6-47F0-BDA5-FC889B280EB4}.Release No Speedfix|x64.ActiveCfg = Release9|Win32
		{0B70C49E-FCC6-47F0-BDA5-FC889B280EB4}.Release No Speedfix|x64.Build.0 = Release9|Win32
		{0B70C49E-FCC6-47F0-BDA5-FC889B280EB4}.Release_CII_test|Win32.ActiveCfg = Release9|Win32
		{0B70C49E-FCC6-47F0-BDA5-FC889B280EB4}.Release_CII_test|Win32.Build.0 = Release9|Win32
		{0B70C49E-FCC6-47F0-BDA5-FC889B280EB4}.Release_CII_test|x64.ActiveCfg = Release9|Win32
		{0B70C49E-FCC6-47F0-BDA5-FC889B280EB4}.Release_CII_test|x64.Build.0 = Release9|Win32
		{0B70C49E-FCC6-47F0-BDA5-FC889B280EB4}.Release|Win32.ActiveCfg = Release|Win32
		{0B70C49E-FCC6-47F0-BDA5-FC889B280EB4}.Release|Win32.Build.0 = Release|Win32
		{0B70C49E-FCC6-47F0-BDA5-FC889B280EB4}.Release|x64.ActiveCfg = Release|Win32
		{0B70C49E-FCC6-47F0-BDA5-FC889B280EB4}.Release|x64.Build.0 = Release|Win32
		{0B70C49E-FCC6-47F0-BDA5-FC889B280EB4}.Release3d_inl|Win32.ActiveCfg = Release9|Win32
		{0B70C49E-FCC6-47F0-BDA5-FC889B280EB4}.Release3d_inl|Win32.Build.0 = Release9|Win32
		{0B70C49E-FCC6-47F0-BDA5-FC889B280EB4}.Release3d_inl|x64.ActiveCfg = Release9|Win32
		{0B70C49E-FCC6-47F0-BDA5-FC889B280EB4}.Release3d_inl|x64.Build.0 = Release9|Win32
		{0B70C49E-FCC6-47F0-BDA5-FC889B280EB4}.Release3d|Win32.ActiveCfg = Release9|Win32
		{0B70C49E-FCC6-47F0-BDA5-FC889B280EB4}.Release3d|Win32.Build.0 = Release9|Win32
		{0B70C49E-FCC6-47F0-BDA5-FC889B280EB4}.Release3d|x64.ActiveCfg = Release9|Win32
		{0B70C49E-FCC6-47F0-BDA5-FC889B280EB4}.Release3d|x64.Build.0 = Release9|Win32
		{0B70C49E-FCC6-47F0-BDA5-FC889B280EB4}.Release9|Win32.ActiveCfg = Release9|Win32
		{0B70C49E-FCC6-47F0-BDA5-FC889B280EB4}.Release9|Win32.Build.0 = Release9|Win32
		{0B70C49E-FCC6-47F0-BDA5-FC889B280EB4}.Release9|x64.ActiveCfg = Release9|Win32
		{0B70C49E-FCC6-47F0-BDA5-FC889B280EB4}.Release9|x64.Build.0 = Release9|Win32
	EndGlobalSection
	GlobalSection(SolutionProperties) = preSolution
		HideSolutionNode = FALSE
	EndGlobalSection
	GlobalSection(ExtensibilityGlobals) = postSolution
		SolutionGuid = {24540FCC-C1C4-4268-BADD-C29784528B84}
	EndGlobalSection
EndGlobal
