
Microsoft Visual Studio Solution File, Format Version 12.00
# Visual Studio Version 17
VisualStudioVersion = 17.9.34511.98
MinimumVisualStudioVersion = 10.0.40219.1
Project("{8BC9CEB8-8B4A-11D0-8D11-00A0C91BC942}") = "CommCore", "..\CommCore\CommCore.vcxproj", "{837A4B70-016D-4063-B36A-D446D74EF03C}"
EndProject
Project("{8BC9CEB8-8B4A-11D0-8D11-00A0C91BC942}") = "DipServer", "..\DipServer\DipServer.vcxproj", "{893542BF-A02B-473B-99D4-ED15E65E9D2B}"
EndProject
Project("{8BC9CEB8-8B4A-11D0-8D11-00A0C91BC942}") = "IChat", "..\IChat\IChat.vcxproj", "{118A079B-C76B-4A07-9511-AD764C335279}"
EndProject
Project("{8BC9CEB8-8B4A-11D0-8D11-00A0C91BC942}") = "IntExplorer", "..\IntExplorer\IntExplorer.vcxproj", "{B995F4A1-28E9-42E4-99B9-D4F3FB737BAC}"
EndProject
Project("{8BC9CEB8-8B4A-11D0-8D11-00A0C91BC942}") = "LF_Server", "..\LF_Server\LF_Server.vcxproj", "{57D8163B-7DCF-469E-A17D-F1F78695CD80}"
EndProject
Project("{8BC9CEB8-8B4A-11D0-8D11-00A0C91BC942}") = "MaxExport", "..\MaxExport\MaxExport.vcxproj", "{C7097266-6192-4B04-9D0F-A679C1E9D49D}"
EndProject
Project("{059D6162-CD51-11D0-AE1F-00A0C90FFFC3}") = "ModelMgr", "..\ModelMgr\ModelMgr.vcxproj", "{49AFC294-BDB4-4910-908E-60881FBC3129}"
	ProjectSection(ProjectDependencies) = postProject
		{0B70C49E-FCC6-47F0-BDA5-FC889B280EB4} = {0B70C49E-FCC6-47F0-BDA5-FC889B280EB4}
	EndProjectSection
EndProject
Project("{8BC9CEB8-8B4A-11D0-8D11-00A0C91BC942}") = "cossacks2", "..\Cossacks2_Project\cossacks2.vcxproj", "{D8A098CA-AEE8-4C76-B447-D44F1F7A2FA4}"
EndProject
Project("{8BC9CEB8-8B4A-11D0-8D11-00A0C91BC942}") = "gMotor", "..\3DLIB\gMotor\gMotor.vcxproj", "{0B70C49E-FCC6-47F0-BDA5-FC889B280EB4}"
EndProject
Project("{059D6162-CD51-11D0-AE1F-00A0C90FFFC3}") = "shaders", "..\..\C2forGEC\Shaders\shaders.vcxproj", "{C95356DC-0788-485E-BB8D-8D2CDF3ED652}"
EndProject
Global
	GlobalSection(SolutionConfigurationPlatforms) = preSolution
		Debug_CII|x86 = Debug_CII|x86
		Debug|x86 = Debug|x86
		Debug9|x86 = Debug9|x86
		Hybrid|x86 = Hybrid|x86
		Mtd|x86 = Mtd|x86
		Mtd9|x86 = Mtd9|x86
		Release_CII_test|x86 = Release_CII_test|x86
		Release|x86 = Release|x86
		Release3d_inl|x86 = Release3d_inl|x86
		Release3d|x86 = Release3d|x86
		Release9|x86 = Release9|x86
	EndGlobalSection
	GlobalSection(ProjectConfigurationPlatforms) = postSolution
		{837A4B70-016D-4063-B36A-D446D74EF03C}.Debug_CII|x86.ActiveCfg = Debug|Win32
		{837A4B70-016D-4063-B36A-D446D74EF03C}.Debug_CII|x86.Build.0 = Debug|Win32
		{837A4B70-016D-4063-B36A-D446D74EF03C}.Debug|x86.ActiveCfg = Debug|Win32
		{837A4B70-016D-4063-B36A-D446D74EF03C}.Debug|x86.Build.0 = Debug|Win32
		{837A4B70-016D-4063-B36A-D446D74EF03C}.Debug9|x86.ActiveCfg = Debug|Win32
		{837A4B70-016D-4063-B36A-D446D74EF03C}.Debug9|x86.Build.0 = Debug|Win32
		{837A4B70-016D-4063-B36A-D446D74EF03C}.Hybrid|x86.ActiveCfg = Debug|Win32
		{837A4B70-016D-4063-B36A-D446D74EF03C}.Hybrid|x86.Build.0 = Debug|Win32
		{837A4B70-016D-4063-B36A-D446D74EF03C}.Mtd|x86.ActiveCfg = Debug|Win32
		{837A4B70-016D-4063-B36A-D446D74EF03C}.Mtd|x86.Build.0 = Debug|Win32
		{837A4B70-016D-4063-B36A-D446D74EF03C}.Mtd9|x86.ActiveCfg = Debug|Win32
		{837A4B70-016D-4063-B36A-D446D74EF03C}.Mtd9|x86.Build.0 = Debug|Win32
		{837A4B70-016D-4063-B36A-D446D74EF03C}.Release_CII_test|x86.ActiveCfg = Release|Win32
		{837A4B70-016D-4063-B36A-D446D74EF03C}.Release_CII_test|x86.Build.0 = Release|Win32
		{837A4B70-016D-4063-B36A-D446D74EF03C}.Release|x86.ActiveCfg = Release|Win32
		{837A4B70-016D-4063-B36A-D446D74EF03C}.Release|x86.Build.0 = Release|Win32
		{837A4B70-016D-4063-B36A-D446D74EF03C}.Release3d_inl|x86.ActiveCfg = Release|Win32
		{837A4B70-016D-4063-B36A-D446D74EF03C}.Release3d_inl|x86.Build.0 = Release|Win32
		{837A4B70-016D-4063-B36A-D446D74EF03C}.Release3d|x86.ActiveCfg = Release|Win32
		{837A4B70-016D-4063-B36A-D446D74EF03C}.Release3d|x86.Build.0 = Release|Win32
		{837A4B70-016D-4063-B36A-D446D74EF03C}.Release9|x86.ActiveCfg = Release|Win32
		{837A4B70-016D-4063-B36A-D446D74EF03C}.Release9|x86.Build.0 = Release|Win32
		{893542BF-A02B-473B-99D4-ED15E65E9D2B}.Debug_CII|x86.ActiveCfg = Debug_CII|Win32
		{893542BF-A02B-473B-99D4-ED15E65E9D2B}.Debug_CII|x86.Build.0 = Debug_CII|Win32
		{893542BF-A02B-473B-99D4-ED15E65E9D2B}.Debug|x86.ActiveCfg = Debug|Win32
		{893542BF-A02B-473B-99D4-ED15E65E9D2B}.Debug|x86.Build.0 = Debug|Win32
		{893542BF-A02B-473B-99D4-ED15E65E9D2B}.Debug9|x86.ActiveCfg = Debug_CII|Win32
		{893542BF-A02B-473B-99D4-ED15E65E9D2B}.Debug9|x86.Build.0 = Debug_CII|Win32
		{893542BF-A02B-473B-99D4-ED15E65E9D2B}.Hybrid|x86.ActiveCfg = Debug|Win32
		{893542BF-A02B-473B-99D4-ED15E65E9D2B}.Hybrid|x86.Build.0 = Debug|Win32
		{893542BF-A02B-473B-99D4-ED15E65E9D2B}.Mtd|x86.ActiveCfg = Debug|Win32
		{893542BF-A02B-473B-99D4-ED15E65E9D2B}.Mtd|x86.Build.0 = Debug|Win32
		{893542BF-A02B-473B-99D4-ED15E65E9D2B}.Mtd9|x86.ActiveCfg = Debug|Win32
		{893542BF-A02B-473B-99D4-ED15E65E9D2B}.Mtd9|x86.Build.0 = Debug|Win32
		{893542BF-A02B-473B-99D4-ED15E65E9D2B}.Release_CII_test|x86.ActiveCfg = Release|Win32
		{893542BF-A02B-473B-99D4-ED15E65E9D2B}.Release_CII_test|x86.Build.0 = Release|Win32
		{893542BF-A02B-473B-99D4-ED15E65E9D2B}.Release|x86.ActiveCfg = Release|Win32
		{893542BF-A02B-473B-99D4-ED15E65E9D2B}.Release|x86.Build.0 = Release|Win32
		{893542BF-A02B-473B-99D4-ED15E65E9D2B}.Release3d_inl|x86.ActiveCfg = Release|Win32
		{893542BF-A02B-473B-99D4-ED15E65E9D2B}.Release3d_inl|x86.Build.0 = Release|Win32
		{893542BF-A02B-473B-99D4-ED15E65E9D2B}.Release3d|x86.ActiveCfg = Release|Win32
		{893542BF-A02B-473B-99D4-ED15E65E9D2B}.Release3d|x86.Build.0 = Release|Win32
		{893542BF-A02B-473B-99D4-ED15E65E9D2B}.Release9|x86.ActiveCfg = Release|Win32
		{893542BF-A02B-473B-99D4-ED15E65E9D2B}.Release9|x86.Build.0 = Release|Win32
		{118A079B-C76B-4A07-9511-AD764C335279}.Debug_CII|x86.ActiveCfg = Debug_CII|Win32
		{118A079B-C76B-4A07-9511-AD764C335279}.Debug_CII|x86.Build.0 = Debug_CII|Win32
		{118A079B-C76B-4A07-9511-AD764C335279}.Debug|x86.ActiveCfg = Debug|Win32
		{118A079B-C76B-4A07-9511-AD764C335279}.Debug|x86.Build.0 = Debug|Win32
		{118A079B-C76B-4A07-9511-AD764C335279}.Debug9|x86.ActiveCfg = Debug_CII|Win32
		{118A079B-C76B-4A07-9511-AD764C335279}.Debug9|x86.Build.0 = Debug_CII|Win32
		{118A079B-C76B-4A07-9511-AD764C335279}.Hybrid|x86.ActiveCfg = Debug|Win32
		{118A079B-C76B-4A07-9511-AD764C335279}.Hybrid|x86.Build.0 = Debug|Win32
		{118A079B-C76B-4A07-9511-AD764C335279}.Mtd|x86.ActiveCfg = Debug|Win32
		{118A079B-C76B-4A07-9511-AD764C335279}.Mtd|x86.Build.0 = Debug|Win32
		{118A079B-C76B-4A07-9511-AD764C335279}.Mtd9|x86.ActiveCfg = Debug|Win32
		{118A079B-C76B-4A07-9511-AD764C335279}.Mtd9|x86.Build.0 = Debug|Win32
		{118A079B-C76B-4A07-9511-AD764C335279}.Release_CII_test|x86.ActiveCfg = Release|Win32
		{118A079B-C76B-4A07-9511-AD764C335279}.Release_CII_test|x86.Build.0 = Release|Win32
		{118A079B-C76B-4A07-9511-AD764C335279}.Release|x86.ActiveCfg = Release|Win32
		{118A079B-C76B-4A07-9511-AD764C335279}.Release|x86.Build.0 = Release|Win32
		{118A079B-C76B-4A07-9511-AD764C335279}.Release3d_inl|x86.ActiveCfg = Release|Win32
		{118A079B-C76B-4A07-9511-AD764C335279}.Release3d_inl|x86.Build.0 = Release|Win32
		{118A079B-C76B-4A07-9511-AD764C335279}.Release3d|x86.ActiveCfg = Release|Win32
		{118A079B-C76B-4A07-9511-AD764C335279}.Release3d|x86.Build.0 = Release|Win32
		{118A079B-C76B-4A07-9511-AD764C335279}.Release9|x86.ActiveCfg = Release|Win32
		{118A079B-C76B-4A07-9511-AD764C335279}.Release9|x86.Build.0 = Release|Win32
		{B995F4A1-28E9-42E4-99B9-D4F3FB737BAC}.Debug_CII|x86.ActiveCfg = Debug_CII|Win32
		{B995F4A1-28E9-42E4-99B9-D4F3FB737BAC}.Debug_CII|x86.Build.0 = Debug_CII|Win32
		{B995F4A1-28E9-42E4-99B9-D4F3FB737BAC}.Debug|x86.ActiveCfg = Debug|Win32
		{B995F4A1-28E9-42E4-99B9-D4F3FB737BAC}.Debug|x86.Build.0 = Debug|Win32
		{B995F4A1-28E9-42E4-99B9-D4F3FB737BAC}.Debug9|x86.ActiveCfg = Debug_CII|Win32
		{B995F4A1-28E9-42E4-99B9-D4F3FB737BAC}.Debug9|x86.Build.0 = Debug_CII|Win32
		{B995F4A1-28E9-42E4-99B9-D4F3FB737BAC}.Hybrid|x86.ActiveCfg = Debug|Win32
		{B995F4A1-28E9-42E4-99B9-D4F3FB737BAC}.Hybrid|x86.Build.0 = Debug|Win32
		{B995F4A1-28E9-42E4-99B9-D4F3FB737BAC}.Mtd|x86.ActiveCfg = Debug|Win32
		{B995F4A1-28E9-42E4-99B9-D4F3FB737BAC}.Mtd|x86.Build.0 = Debug|Win32
		{B995F4A1-28E9-42E4-99B9-D4F3FB737BAC}.Mtd9|x86.ActiveCfg = Debug|Win32
		{B995F4A1-28E9-42E4-99B9-D4F3FB737BAC}.Mtd9|x86.Build.0 = Debug|Win32
		{B995F4A1-28E9-42E4-99B9-D4F3FB737BAC}.Release_CII_test|x86.ActiveCfg = Release|Win32
		{B995F4A1-28E9-42E4-99B9-D4F3FB737BAC}.Release_CII_test|x86.Build.0 = Release|Win32
		{B995F4A1-28E9-42E4-99B9-D4F3FB737BAC}.Release|x86.ActiveCfg = Release|Win32
		{B995F4A1-28E9-42E4-99B9-D4F3FB737BAC}.Release|x86.Build.0 = Release|Win32
		{B995F4A1-28E9-42E4-99B9-D4F3FB737BAC}.Release3d_inl|x86.ActiveCfg = Release|Win32
		{B995F4A1-28E9-42E4-99B9-D4F3FB737BAC}.Release3d_inl|x86.Build.0 = Release|Win32
		{B995F4A1-28E9-42E4-99B9-D4F3FB737BAC}.Release3d|x86.ActiveCfg = Release|Win32
		{B995F4A1-28E9-42E4-99B9-D4F3FB737BAC}.Release3d|x86.Build.0 = Release|Win32
		{B995F4A1-28E9-42E4-99B9-D4F3FB737BAC}.Release9|x86.ActiveCfg = Release|Win32
		{B995F4A1-28E9-42E4-99B9-D4F3FB737BAC}.Release9|x86.Build.0 = Release|Win32
		{57D8163B-7DCF-469E-A17D-F1F78695CD80}.Debug_CII|x86.ActiveCfg = Debug_CII|Win32
		{57D8163B-7DCF-469E-A17D-F1F78695CD80}.Debug_CII|x86.Build.0 = Debug_CII|Win32
		{57D8163B-7DCF-469E-A17D-F1F78695CD80}.Debug|x86.ActiveCfg = Debug|Win32
		{57D8163B-7DCF-469E-A17D-F1F78695CD80}.Debug|x86.Build.0 = Debug|Win32
		{57D8163B-7DCF-469E-A17D-F1F78695CD80}.Debug9|x86.ActiveCfg = Debug_CII|Win32
		{57D8163B-7DCF-469E-A17D-F1F78695CD80}.Debug9|x86.Build.0 = Debug_CII|Win32
		{57D8163B-7DCF-469E-A17D-F1F78695CD80}.Hybrid|x86.ActiveCfg = Debug|Win32
		{57D8163B-7DCF-469E-A17D-F1F78695CD80}.Hybrid|x86.Build.0 = Debug|Win32
		{57D8163B-7DCF-469E-A17D-F1F78695CD80}.Mtd|x86.ActiveCfg = Debug|Win32
		{57D8163B-7DCF-469E-A17D-F1F78695CD80}.Mtd|x86.Build.0 = Debug|Win32
		{57D8163B-7DCF-469E-A17D-F1F78695CD80}.Mtd9|x86.ActiveCfg = Debug|Win32
		{57D8163B-7DCF-469E-A17D-F1F78695CD80}.Mtd9|x86.Build.0 = Debug|Win32
		{57D8163B-7DCF-469E-A17D-F1F78695CD80}.Release_CII_test|x86.ActiveCfg = Release|Win32
		{57D8163B-7DCF-469E-A17D-F1F78695CD80}.Release_CII_test|x86.Build.0 = Release|Win32
		{57D8163B-7DCF-469E-A17D-F1F78695CD80}.Release|x86.ActiveCfg = Release|Win32
		{57D8163B-7DCF-469E-A17D-F1F78695CD80}.Release|x86.Build.0 = Release|Win32
		{57D8163B-7DCF-469E-A17D-F1F78695CD80}.Release3d_inl|x86.ActiveCfg = Release|Win32
		{57D8163B-7DCF-469E-A17D-F1F78695CD80}.Release3d_inl|x86.Build.0 = Release|Win32
		{57D8163B-7DCF-469E-A17D-F1F78695CD80}.Release3d|x86.ActiveCfg = Release|Win32
		{57D8163B-7DCF-469E-A17D-F1F78695CD80}.Release3d|x86.Build.0 = Release|Win32
		{57D8163B-7DCF-469E-A17D-F1F78695CD80}.Release9|x86.ActiveCfg = Release|Win32
		{57D8163B-7DCF-469E-A17D-F1F78695CD80}.Release9|x86.Build.0 = Release|Win32
		{C7097266-6192-4B04-9D0F-A679C1E9D49D}.Debug_CII|x86.ActiveCfg = Debug|Win32
		{C7097266-6192-4B04-9D0F-A679C1E9D49D}.Debug_CII|x86.Build.0 = Debug|Win32
		{C7097266-6192-4B04-9D0F-A679C1E9D49D}.Debug|x86.ActiveCfg = Debug|Win32
		{C7097266-6192-4B04-9D0F-A679C1E9D49D}.Debug|x86.Build.0 = Debug|Win32
		{C7097266-6192-4B04-9D0F-A679C1E9D49D}.Debug9|x86.ActiveCfg = Debug|Win32
		{C7097266-6192-4B04-9D0F-A679C1E9D49D}.Debug9|x86.Build.0 = Debug|Win32
		{C7097266-6192-4B04-9D0F-A679C1E9D49D}.Hybrid|x86.ActiveCfg = Hybrid|Win32
		{C7097266-6192-4B04-9D0F-A679C1E9D49D}.Hybrid|x86.Build.0 = Hybrid|Win32
		{C7097266-6192-4B04-9D0F-A679C1E9D49D}.Mtd|x86.ActiveCfg = Debug|Win32
		{C7097266-6192-4B04-9D0F-A679C1E9D49D}.Mtd|x86.Build.0 = Debug|Win32
		{C7097266-6192-4B04-9D0F-A679C1E9D49D}.Mtd9|x86.ActiveCfg = Debug|Win32
		{C7097266-6192-4B04-9D0F-A679C1E9D49D}.Mtd9|x86.Build.0 = Debug|Win32
		{C7097266-6192-4B04-9D0F-A679C1E9D49D}.Release_CII_test|x86.ActiveCfg = Release|Win32
		{C7097266-6192-4B04-9D0F-A679C1E9D49D}.Release_CII_test|x86.Build.0 = Release|Win32
		{C7097266-6192-4B04-9D0F-A679C1E9D49D}.Release|x86.ActiveCfg = Release|Win32
		{C7097266-6192-4B04-9D0F-A679C1E9D49D}.Release|x86.Build.0 = Release|Win32
		{C7097266-6192-4B04-9D0F-A679C1E9D49D}.Release3d_inl|x86.ActiveCfg = Release|Win32
		{C7097266-6192-4B04-9D0F-A679C1E9D49D}.Release3d_inl|x86.Build.0 = Release|Win32
		{C7097266-6192-4B04-9D0F-A679C1E9D49D}.Release3d|x86.ActiveCfg = Release|Win32
		{C7097266-6192-4B04-9D0F-A679C1E9D49D}.Release3d|x86.Build.0 = Release|Win32
		{C7097266-6192-4B04-9D0F-A679C1E9D49D}.Release9|x86.ActiveCfg = Release|Win32
		{C7097266-6192-4B04-9D0F-A679C1E9D49D}.Release9|x86.Build.0 = Release|Win32
		{D8A098CA-AEE8-4C76-B447-D44F1F7A2FA4}.Debug_CII|x86.ActiveCfg = Release_CII_test|Win32
		{D8A098CA-AEE8-4C76-B447-D44F1F7A2FA4}.Debug_CII|x86.Build.0 = Release_CII_test|Win32
		{D8A098CA-AEE8-4C76-B447-D44F1F7A2FA4}.Debug|x86.ActiveCfg = Release_CII_test|Win32
		{D8A098CA-AEE8-4C76-B447-D44F1F7A2FA4}.Debug|x86.Build.0 = Release_CII_test|Win32
		{D8A098CA-AEE8-4C76-B447-D44F1F7A2FA4}.Debug9|x86.ActiveCfg = Release_CII_test|Win32
		{D8A098CA-AEE8-4C76-B447-D44F1F7A2FA4}.Debug9|x86.Build.0 = Release_CII_test|Win32
		{D8A098CA-AEE8-4C76-B447-D44F1F7A2FA4}.Hybrid|x86.ActiveCfg = Release_CII_test|Win32
		{D8A098CA-AEE8-4C76-B447-D44F1F7A2FA4}.Hybrid|x86.Build.0 = Release_CII_test|Win32
		{D8A098CA-AEE8-4C76-B447-D44F1F7A2FA4}.Mtd|x86.ActiveCfg = Release_CII_test|Win32
		{D8A098CA-AEE8-4C76-B447-D44F1F7A2FA4}.Mtd|x86.Build.0 = Release_CII_test|Win32
		{D8A098CA-AEE8-4C76-B447-D44F1F7A2FA4}.Mtd9|x86.ActiveCfg = Release_CII_test|Win32
		{D8A098CA-AEE8-4C76-B447-D44F1F7A2FA4}.Mtd9|x86.Build.0 = Release_CII_test|Win32
		{D8A098CA-AEE8-4C76-B447-D44F1F7A2FA4}.Release_CII_test|x86.ActiveCfg = Release_CII_test|Win32
		{D8A098CA-AEE8-4C76-B447-D44F1F7A2FA4}.Release_CII_test|x86.Build.0 = Release_CII_test|Win32
		{D8A098CA-AEE8-4C76-B447-D44F1F7A2FA4}.Release|x86.ActiveCfg = Release|Win32
		{D8A098CA-AEE8-4C76-B447-D44F1F7A2FA4}.Release|x86.Build.0 = Release|Win32
		{D8A098CA-AEE8-4C76-B447-D44F1F7A2FA4}.Release3d_inl|x86.ActiveCfg = Release3d_inl|Win32
		{D8A098CA-AEE8-4C76-B447-D44F1F7A2FA4}.Release3d_inl|x86.Build.0 = Release3d_inl|Win32
		{D8A098CA-AEE8-4C76-B447-D44F1F7A2FA4}.Release3d|x86.ActiveCfg = Release3d|Win32
		{D8A098CA-AEE8-4C76-B447-D44F1F7A2FA4}.Release3d|x86.Build.0 = Release3d|Win32
		{D8A098CA-AEE8-4C76-B447-D44F1F7A2FA4}.Release9|x86.ActiveCfg = Release_CII_test|Win32
		{D8A098CA-AEE8-4C76-B447-D44F1F7A2FA4}.Release9|x86.Build.0 = Release_CII_test|Win32
		{0B70C49E-FCC6-47F0-BDA5-FC889B280EB4}.Debug_CII|x86.ActiveCfg = Debug9|Win32
		{0B70C49E-FCC6-47F0-BDA5-FC889B280EB4}.Debug_CII|x86.Build.0 = Debug9|Win32
		{0B70C49E-FCC6-47F0-BDA5-FC889B280EB4}.Debug|x86.ActiveCfg = Debug|Win32
		{0B70C49E-FCC6-47F0-BDA5-FC889B280EB4}.Debug|x86.Build.0 = Debug|Win32
		{0B70C49E-FCC6-47F0-BDA5-FC889B280EB4}.Debug9|x86.ActiveCfg = Debug9|Win32
		{0B70C49E-FCC6-47F0-BDA5-FC889B280EB4}.Debug9|x86.Build.0 = Debug9|Win32
		{0B70C49E-FCC6-47F0-BDA5-FC889B280EB4}.Hybrid|x86.ActiveCfg = Debug|Win32
		{0B70C49E-FCC6-47F0-BDA5-FC889B280EB4}.Hybrid|x86.Build.0 = Debug|Win32
		{0B70C49E-FCC6-47F0-BDA5-FC889B280EB4}.Mtd|x86.ActiveCfg = Mtd|Win32
		{0B70C49E-FCC6-47F0-BDA5-FC889B280EB4}.Mtd|x86.Build.0 = Mtd|Win32
		{0B70C49E-FCC6-47F0-BDA5-FC889B280EB4}.Mtd9|x86.ActiveCfg = Mtd9|Win32
		{0B70C49E-FCC6-47F0-BDA5-FC889B280EB4}.Mtd9|x86.Build.0 = Mtd9|Win32
		{0B70C49E-FCC6-47F0-BDA5-FC889B280EB4}.Release_CII_test|x86.ActiveCfg = Release9|Win32
		{0B70C49E-FCC6-47F0-BDA5-FC889B280EB4}.Release_CII_test|x86.Build.0 = Release9|Win32
		{0B70C49E-FCC6-47F0-BDA5-FC889B280EB4}.Release|x86.ActiveCfg = Release|Win32
		{0B70C49E-FCC6-47F0-BDA5-FC889B280EB4}.Release|x86.Build.0 = Release|Win32
		{0B70C49E-FCC6-47F0-BDA5-FC889B280EB4}.Release3d_inl|x86.ActiveCfg = Release9|Win32
		{0B70C49E-FCC6-47F0-BDA5-FC889B280EB4}.Release3d_inl|x86.Build.0 = Release9|Win32
		{0B70C49E-FCC6-47F0-BDA5-FC889B280EB4}.Release3d|x86.ActiveCfg = Release9|Win32
		{0B70C49E-FCC6-47F0-BDA5-FC889B280EB4}.Release3d|x86.Build.0 = Release9|Win32
		{0B70C49E-FCC6-47F0-BDA5-FC889B280EB4}.Release9|x86.ActiveCfg = Release9|Win32
		{0B70C49E-FCC6-47F0-BDA5-FC889B280EB4}.Release9|x86.Build.0 = Release9|Win32
	EndGlobalSection
	GlobalSection(SolutionProperties) = preSolution
		HideSolutionNode = FALSE
	EndGlobalSection
	GlobalSection(ExtensibilityGlobals) = postSolution
		SolutionGuid = {56E0122A-7558-4135-B1E8-36550C0BC584}
	EndGlobalSection
EndGlobal
